
Microsoft Visual Studio Solution File, Format Version 11.00
# Visual Studio 2010
Project("{FAE04EC0-301F-11D3-BF4B-00C04F79EFBC}") = "Jep.Office", "Jep.Office\Jep.Office.csproj", "{0EC9A3E3-0184-45E9-A3C6-6EFF7ACD48FE}"
EndProject
Project("{FAE04EC0-301F-11D3-BF4B-00C04F79EFBC}") = "Jep.Net", "Jep.Net\Jep.Net.csproj", "{A7E99EFC-FB08-4304-BCDA-86A9E8B2602B}"
EndProject
Project("{FAE04EC0-301F-11D3-BF4B-00C04F79EFBC}") = "Jep.Chart", "Jep.Chart\Jep.Chart.csproj", "{7E77052B-9630-4840-BFC0-F6F4937C2AC7}"
EndProject
Project("{FAE04EC0-301F-11D3-BF4B-00C04F79EFBC}") = "Jep.Encryption", "Jep.Encryption\Jep.Encryption.csproj", "{78B90A47-557E-4B0D-9E75-82D51F9A7BCC}"
EndProject
Project("{FAE04EC0-301F-11D3-BF4B-00C04F79EFBC}") = "Jep.IO", "Jep.IO\Jep.IO.csproj", "{47C33939-B769-4B88-ACD1-B50754CD2D49}"
EndProject
Project("{FAE04EC0-301F-11D3-BF4B-00C04F79EFBC}") = "Jep.Multimedia", "Jep.Multimedia\Jep.Multimedia.csproj", "{60CC1EA1-C496-489A-9482-3B068FF73380}"
EndProject
Project("{FAE04EC0-301F-11D3-BF4B-00C04F79EFBC}") = "Jep.Text", "Jep.Text\Jep.Text.csproj", "{440BB27C-7BA6-4002-8E4D-36EF4A8D3DC9}"
EndProject
Project("{FAE04EC0-301F-11D3-BF4B-00C04F79EFBC}") = "Jep.Javascript", "Jep.Javascript\Jep.Javascript.csproj", "{2C134804-A7C2-43AD-AB0D-4C27194BEDAB}"
EndProject
Project("{FAE04EC0-301F-11D3-BF4B-00C04F79EFBC}") = "Jep.Base", "Jep.Base\Jep.Base.csproj", "{12307FBB-3DB1-42D7-BAD4-BB7BB6DFB8E1}"
EndProject
Project("{FAE04EC0-301F-11D3-BF4B-00C04F79EFBC}") = "Jep.Web", "Jep.Web\Jep.Web.csproj", "{D590124E-A2B5-4CD1-B6BE-4976299E339B}"
EndProject
Project("{FAE04EC0-301F-11D3-BF4B-00C04F79EFBC}") = "Jep.Database", "Jep.Database\Jep.Database.csproj", "{A60272DA-98B9-4504-89FD-4454DA65423E}"
EndProject
Project("{FAE04EC0-301F-11D3-BF4B-00C04F79EFBC}") = "Jep.Xml", "Jep.Xml\Jep.Xml.csproj", "{0A0D8B04-DE72-432C-BF9C-A37F60544B28}"
EndProject
Project("{FAE04EC0-301F-11D3-BF4B-00C04F79EFBC}") = "Jep.Windows", "Jep.Windows\Jep.Windows.csproj", "{77FAAC91-811A-40ED-AC35-F356E7C73813}"
EndProject
Project("{FAE04EC0-301F-11D3-BF4B-00C04F79EFBC}") = "Jep.SharpZipLib", "Eastonsoft.SharpZLib\Jep.SharpZipLib.csproj", "{0E7413FF-EB9E-4714-ACF2-BE3A6A7B2FFD}"
EndProject
Project("{FAE04EC0-301F-11D3-BF4B-00C04F79EFBC}") = "Test", "Test\Test.csproj", "{AB8D4F09-179F-4400-910D-22E785823BDB}"
EndProject
Global
	GlobalSection(SolutionConfigurationPlatforms) = preSolution
		Debug|Any CPU = Debug|Any CPU
		Debug|Mixed Platforms = Debug|Mixed Platforms
		Debug|x86 = Debug|x86
		Release|Any CPU = Release|Any CPU
		Release|Mixed Platforms = Release|Mixed Platforms
		Release|x86 = Release|x86
	EndGlobalSection
	GlobalSection(ProjectConfigurationPlatforms) = postSolution
		{0EC9A3E3-0184-45E9-A3C6-6EFF7ACD48FE}.Debug|Any CPU.ActiveCfg = Debug|Any CPU
		{0EC9A3E3-0184-45E9-A3C6-6EFF7ACD48FE}.Debug|Any CPU.Build.0 = Debug|Any CPU
		{0EC9A3E3-0184-45E9-A3C6-6EFF7ACD48FE}.Debug|Mixed Platforms.ActiveCfg = Debug|Any CPU
		{0EC9A3E3-0184-45E9-A3C6-6EFF7ACD48FE}.Debug|Mixed Platforms.Build.0 = Debug|Any CPU
		{0EC9A3E3-0184-45E9-A3C6-6EFF7ACD48FE}.Debug|x86.ActiveCfg = Debug|Any CPU
		{0EC9A3E3-0184-45E9-A3C6-6EFF7ACD48FE}.Release|Any CPU.ActiveCfg = Release|Any CPU
		{0EC9A3E3-0184-45E9-A3C6-6EFF7ACD48FE}.Release|Any CPU.Build.0 = Release|Any CPU
		{0EC9A3E3-0184-45E9-A3C6-6EFF7ACD48FE}.Release|Mixed Platforms.ActiveCfg = Release|Any CPU
		{0EC9A3E3-0184-45E9-A3C6-6EFF7ACD48FE}.Release|Mixed Platforms.Build.0 = Release|Any CPU
		{0EC9A3E3-0184-45E9-A3C6-6EFF7ACD48FE}.Release|x86.ActiveCfg = Release|Any CPU
		{A7E99EFC-FB08-4304-BCDA-86A9E8B2602B}.Debug|Any CPU.ActiveCfg = Debug|Any CPU
		{A7E99EFC-FB08-4304-BCDA-86A9E8B2602B}.Debug|Any CPU.Build.0 = Debug|Any CPU
		{A7E99EFC-FB08-4304-BCDA-86A9E8B2602B}.Debug|Mixed Platforms.ActiveCfg = Debug|Any CPU
		{A7E99EFC-FB08-4304-BCDA-86A9E8B2602B}.Debug|Mixed Platforms.Build.0 = Debug|Any CPU
		{A7E99EFC-FB08-4304-BCDA-86A9E8B2602B}.Debug|x86.ActiveCfg = Debug|Any CPU
		{A7E99EFC-FB08-4304-BCDA-86A9E8B2602B}.Release|Any CPU.ActiveCfg = Release|Any CPU
		{A7E99EFC-FB08-4304-BCDA-86A9E8B2602B}.Release|Any CPU.Build.0 = Release|Any CPU
		{A7E99EFC-FB08-4304-BCDA-86A9E8B2602B}.Release|Mixed Platforms.ActiveCfg = Release|Any CPU
		{A7E99EFC-FB08-4304-BCDA-86A9E8B2602B}.Release|Mixed Platforms.Build.0 = Release|Any CPU
		{A7E99EFC-FB08-4304-BCDA-86A9E8B2602B}.Release|x86.ActiveCfg = Release|Any CPU
		{7E77052B-9630-4840-BFC0-F6F4937C2AC7}.Debug|Any CPU.ActiveCfg = Debug|Any CPU
		{7E77052B-9630-4840-BFC0-F6F4937C2AC7}.Debug|Any CPU.Build.0 = Debug|Any CPU
		{7E77052B-9630-4840-BFC0-F6F4937C2AC7}.Debug|Mixed Platforms.ActiveCfg = Debug|Any CPU
		{7E77052B-9630-4840-BFC0-F6F4937C2AC7}.Debug|Mixed Platforms.Build.0 = Debug|Any CPU
		{7E77052B-9630-4840-BFC0-F6F4937C2AC7}.Debug|x86.ActiveCfg = Debug|Any CPU
		{7E77052B-9630-4840-BFC0-F6F4937C2AC7}.Release|Any CPU.ActiveCfg = Release|Any CPU
		{7E77052B-9630-4840-BFC0-F6F4937C2AC7}.Release|Any CPU.Build.0 = Release|Any CPU
		{7E77052B-9630-4840-BFC0-F6F4937C2AC7}.Release|Mixed Platforms.ActiveCfg = Release|Any CPU
		{7E77052B-9630-4840-BFC0-F6F4937C2AC7}.Release|Mixed Platforms.Build.0 = Release|Any CPU
		{7E77052B-9630-4840-BFC0-F6F4937C2AC7}.Release|x86.ActiveCfg = Release|Any CPU
		{78B90A47-557E-4B0D-9E75-82D51F9A7BCC}.Debug|Any CPU.ActiveCfg = Debug|Any CPU
		{78B90A47-557E-4B0D-9E75-82D51F9A7BCC}.Debug|Any CPU.Build.0 = Debug|Any CPU
		{78B90A47-557E-4B0D-9E75-82D51F9A7BCC}.Debug|Mixed Platforms.ActiveCfg = Debug|Any CPU
		{78B90A47-557E-4B0D-9E75-82D51F9A7BCC}.Debug|Mixed Platforms.Build.0 = Debug|Any CPU
		{78B90A47-557E-4B0D-9E75-82D51F9A7BCC}.Debug|x86.ActiveCfg = Debug|Any CPU
		{78B90A47-557E-4B0D-9E75-82D51F9A7BCC}.Release|Any CPU.ActiveCfg = Release|Any CPU
		{78B90A47-557E-4B0D-9E75-82D51F9A7BCC}.Release|Any CPU.Build.0 = Release|Any CPU
		{78B90A47-557E-4B0D-9E75-82D51F9A7BCC}.Release|Mixed Platforms.ActiveCfg = Release|Any CPU
		{78B90A47-557E-4B0D-9E75-82D51F9A7BCC}.Release|Mixed Platforms.Build.0 = Release|Any CPU
		{78B90A47-557E-4B0D-9E75-82D51F9A7BCC}.Release|x86.ActiveCfg = Release|Any CPU
		{47C33939-B769-4B88-ACD1-B50754CD2D49}.Debug|Any CPU.ActiveCfg = Debug|Any CPU
		{47C33939-B769-4B88-ACD1-B50754CD2D49}.Debug|Any CPU.Build.0 = Debug|Any CPU
		{47C33939-B769-4B88-ACD1-B50754CD2D49}.Debug|Mixed Platforms.ActiveCfg = Debug|Any CPU
		{47C33939-B769-4B88-ACD1-B50754CD2D49}.Debug|Mixed Platforms.Build.0 = Debug|Any CPU
		{47C33939-B769-4B88-ACD1-B50754CD2D49}.Debug|x86.ActiveCfg = Debug|Any CPU
		{47C33939-B769-4B88-ACD1-B50754CD2D49}.Release|Any CPU.ActiveCfg = Release|Any CPU
		{47C33939-B769-4B88-ACD1-B50754CD2D49}.Release|Any CPU.Build.0 = Release|Any CPU
		{47C33939-B769-4B88-ACD1-B50754CD2D49}.Release|Mixed Platforms.ActiveCfg = Release|Any CPU
		{47C33939-B769-4B88-ACD1-B50754CD2D49}.Release|Mixed Platforms.Build.0 = Release|Any CPU
		{47C33939-B769-4B88-ACD1-B50754CD2D49}.Release|x86.ActiveCfg = Release|Any CPU
		{60CC1EA1-C496-489A-9482-3B068FF73380}.Debug|Any CPU.ActiveCfg = Debug|Any CPU
		{60CC1EA1-C496-489A-9482-3B068FF73380}.Debug|Any CPU.Build.0 = Debug|Any CPU
		{60CC1EA1-C496-489A-9482-3B068FF73380}.Debug|Mixed Platforms.ActiveCfg = Debug|Any CPU
		{60CC1EA1-C496-489A-9482-3B068FF73380}.Debug|Mixed Platforms.Build.0 = Debug|Any CPU
		{60CC1EA1-C496-489A-9482-3B068FF73380}.Debug|x86.ActiveCfg = Debug|Any CPU
		{60CC1EA1-C496-489A-9482-3B068FF73380}.Release|Any CPU.ActiveCfg = Release|Any CPU
		{60CC1EA1-C496-489A-9482-3B068FF73380}.Release|Any CPU.Build.0 = Release|Any CPU
		{60CC1EA1-C496-489A-9482-3B068FF73380}.Release|Mixed Platforms.ActiveCfg = Release|Any CPU
		{60CC1EA1-C496-489A-9482-3B068FF73380}.Release|Mixed Platforms.Build.0 = Release|Any CPU
		{60CC1EA1-C496-489A-9482-3B068FF73380}.Release|x86.ActiveCfg = Release|Any CPU
		{440BB27C-7BA6-4002-8E4D-36EF4A8D3DC9}.Debug|Any CPU.ActiveCfg = Debug|Any CPU
		{440BB27C-7BA6-4002-8E4D-36EF4A8D3DC9}.Debug|Any CPU.Build.0 = Debug|Any CPU
		{440BB27C-7BA6-4002-8E4D-36EF4A8D3DC9}.Debug|Mixed Platforms.ActiveCfg = Debug|Any CPU
		{440BB27C-7BA6-4002-8E4D-36EF4A8D3DC9}.Debug|Mixed Platforms.Build.0 = Debug|Any CPU
		{440BB27C-7BA6-4002-8E4D-36EF4A8D3DC9}.Debug|x86.ActiveCfg = Debug|Any CPU
		{440BB27C-7BA6-4002-8E4D-36EF4A8D3DC9}.Release|Any CPU.ActiveCfg = Release|Any CPU
		{440BB27C-7BA6-4002-8E4D-36EF4A8D3DC9}.Release|Any CPU.Build.0 = Release|Any CPU
		{440BB27C-7BA6-4002-8E4D-36EF4A8D3DC9}.Release|Mixed Platforms.ActiveCfg = Release|Any CPU
		{440BB27C-7BA6-4002-8E4D-36EF4A8D3DC9}.Release|Mixed Platforms.Build.0 = Release|Any CPU
		{440BB27C-7BA6-4002-8E4D-36EF4A8D3DC9}.Release|x86.ActiveCfg = Release|Any CPU
		{2C134804-A7C2-43AD-AB0D-4C27194BEDAB}.Debug|Any CPU.ActiveCfg = Debug|Any CPU
		{2C134804-A7C2-43AD-AB0D-4C27194BEDAB}.Debug|Any CPU.Build.0 = Debug|Any CPU
		{2C134804-A7C2-43AD-AB0D-4C27194BEDAB}.Debug|Mixed Platforms.ActiveCfg = Debug|Any CPU
		{2C134804-A7C2-43AD-AB0D-4C27194BEDAB}.Debug|Mixed Platforms.Build.0 = Debug|Any CPU
		{2C134804-A7C2-43AD-AB0D-4C27194BEDAB}.Debug|x86.ActiveCfg = Debug|Any CPU
		{2C134804-A7C2-43AD-AB0D-4C27194BEDAB}.Release|Any CPU.ActiveCfg = Release|Any CPU
		{2C134804-A7C2-43AD-AB0D-4C27194BEDAB}.Release|Any CPU.Build.0 = Release|Any CPU
		{2C134804-A7C2-43AD-AB0D-4C27194BEDAB}.Release|Mixed Platforms.ActiveCfg = Release|Any CPU
		{2C134804-A7C2-43AD-AB0D-4C27194BEDAB}.Release|Mixed Platforms.Build.0 = Release|Any CPU
		{2C134804-A7C2-43AD-AB0D-4C27194BEDAB}.Release|x86.ActiveCfg = Release|Any CPU
		{12307FBB-3DB1-42D7-BAD4-BB7BB6DFB8E1}.Debug|Any CPU.ActiveCfg = Debug|Any CPU
		{12307FBB-3DB1-42D7-BAD4-BB7BB6DFB8E1}.Debug|Any CPU.Build.0 = Debug|Any CPU
		{12307FBB-3DB1-42D7-BAD4-BB7BB6DFB8E1}.Debug|Mixed Platforms.ActiveCfg = Debug|Any CPU
		{12307FBB-3DB1-42D7-BAD4-BB7BB6DFB8E1}.Debug|Mixed Platforms.Build.0 = Debug|Any CPU
		{12307FBB-3DB1-42D7-BAD4-BB7BB6DFB8E1}.Debug|x86.ActiveCfg = Debug|Any CPU
		{12307FBB-3DB1-42D7-BAD4-BB7BB6DFB8E1}.Release|Any CPU.ActiveCfg = Release|Any CPU
		{12307FBB-3DB1-42D7-BAD4-BB7BB6DFB8E1}.Release|Any CPU.Build.0 = Release|Any CPU
		{12307FBB-3DB1-42D7-BAD4-BB7BB6DFB8E1}.Release|Mixed Platforms.ActiveCfg = Release|Any CPU
		{12307FBB-3DB1-42D7-BAD4-BB7BB6DFB8E1}.Release|Mixed Platforms.Build.0 = Release|Any CPU
		{12307FBB-3DB1-42D7-BAD4-BB7BB6DFB8E1}.Release|x86.ActiveCfg = Release|Any CPU
		{D590124E-A2B5-4CD1-B6BE-4976299E339B}.Debug|Any CPU.ActiveCfg = Debug|Any CPU
		{D590124E-A2B5-4CD1-B6BE-4976299E339B}.Debug|Any CPU.Build.0 = Debug|Any CPU
		{D590124E-A2B5-4CD1-B6BE-4976299E339B}.Debug|Mixed Platforms.ActiveCfg = Debug|Any CPU
		{D590124E-A2B5-4CD1-B6BE-4976299E339B}.Debug|Mixed Platforms.Build.0 = Debug|Any CPU
		{D590124E-A2B5-4CD1-B6BE-4976299E339B}.Debug|x86.ActiveCfg = Debug|Any CPU
		{D590124E-A2B5-4CD1-B6BE-4976299E339B}.Release|Any CPU.ActiveCfg = Release|Any CPU
		{D590124E-A2B5-4CD1-B6BE-4976299E339B}.Release|Any CPU.Build.0 = Release|Any CPU
		{D590124E-A2B5-4CD1-B6BE-4976299E339B}.Release|Mixed Platforms.ActiveCfg = Release|Any CPU
		{D590124E-A2B5-4CD1-B6BE-4976299E339B}.Release|Mixed Platforms.Build.0 = Release|Any CPU
		{D590124E-A2B5-4CD1-B6BE-4976299E339B}.Release|x86.ActiveCfg = Release|Any CPU
		{A60272DA-98B9-4504-89FD-4454DA65423E}.Debug|Any CPU.ActiveCfg = Debug|Any CPU
		{A60272DA-98B9-4504-89FD-4454DA65423E}.Debug|Any CPU.Build.0 = Debug|Any CPU
		{A60272DA-98B9-4504-89FD-4454DA65423E}.Debug|Mixed Platforms.ActiveCfg = Debug|Any CPU
		{A60272DA-98B9-4504-89FD-4454DA65423E}.Debug|Mixed Platforms.Build.0 = Debug|Any CPU
		{A60272DA-98B9-4504-89FD-4454DA65423E}.Debug|x86.ActiveCfg = Debug|Any CPU
		{A60272DA-98B9-4504-89FD-4454DA65423E}.Release|Any CPU.ActiveCfg = Release|Any CPU
		{A60272DA-98B9-4504-89FD-4454DA65423E}.Release|Any CPU.Build.0 = Release|Any CPU
		{A60272DA-98B9-4504-89FD-4454DA65423E}.Release|Mixed Platforms.ActiveCfg = Release|Any CPU
		{A60272DA-98B9-4504-89FD-4454DA65423E}.Release|Mixed Platforms.Build.0 = Release|Any CPU
		{A60272DA-98B9-4504-89FD-4454DA65423E}.Release|x86.ActiveCfg = Release|Any CPU
		{0A0D8B04-DE72-432C-BF9C-A37F60544B28}.Debug|Any CPU.ActiveCfg = Debug|Any CPU
		{0A0D8B04-DE72-432C-BF9C-A37F60544B28}.Debug|Any CPU.Build.0 = Debug|Any CPU
		{0A0D8B04-DE72-432C-BF9C-A37F60544B28}.Debug|Mixed Platforms.ActiveCfg = Debug|Any CPU
		{0A0D8B04-DE72-432C-BF9C-A37F60544B28}.Debug|Mixed Platforms.Build.0 = Debug|Any CPU
		{0A0D8B04-DE72-432C-BF9C-A37F60544B28}.Debug|x86.ActiveCfg = Debug|Any CPU
		{0A0D8B04-DE72-432C-BF9C-A37F60544B28}.Release|Any CPU.ActiveCfg = Release|Any CPU
		{0A0D8B04-DE72-432C-BF9C-A37F60544B28}.Release|Any CPU.Build.0 = Release|Any CPU
		{0A0D8B04-DE72-432C-BF9C-A37F60544B28}.Release|Mixed Platforms.ActiveCfg = Release|Any CPU
		{0A0D8B04-DE72-432C-BF9C-A37F60544B28}.Release|Mixed Platforms.Build.0 = Release|Any CPU
		{0A0D8B04-DE72-432C-BF9C-A37F60544B28}.Release|x86.ActiveCfg = Release|Any CPU
		{77FAAC91-811A-40ED-AC35-F356E7C73813}.Debug|Any CPU.ActiveCfg = Debug|Any CPU
		{77FAAC91-811A-40ED-AC35-F356E7C73813}.Debug|Any CPU.Build.0 = Debug|Any CPU
		{77FAAC91-811A-40ED-AC35-F356E7C73813}.Debug|Mixed Platforms.ActiveCfg = Debug|Any CPU
		{77FAAC91-811A-40ED-AC35-F356E7C73813}.Debug|Mixed Platforms.Build.0 = Debug|Any CPU
		{77FAAC91-811A-40ED-AC35-F356E7C73813}.Debug|x86.ActiveCfg = Debug|Any CPU
		{77FAAC91-811A-40ED-AC35-F356E7C73813}.Release|Any CPU.ActiveCfg = Release|Any CPU
		{77FAAC91-811A-40ED-AC35-F356E7C73813}.Release|Any CPU.Build.0 = Release|Any CPU
		{77FAAC91-811A-40ED-AC35-F356E7C73813}.Release|Mixed Platforms.ActiveCfg = Release|Any CPU
		{77FAAC91-811A-40ED-AC35-F356E7C73813}.Release|Mixed Platforms.Build.0 = Release|Any CPU
		{77FAAC91-811A-40ED-AC35-F356E7C73813}.Release|x86.ActiveCfg = Release|Any CPU
		{0E7413FF-EB9E-4714-ACF2-BE3A6A7B2FFD}.Debug|Any CPU.ActiveCfg = Debug|Any CPU
		{0E7413FF-EB9E-4714-ACF2-BE3A6A7B2FFD}.Debug|Any CPU.Build.0 = Debug|Any CPU
		{0E7413FF-EB9E-4714-ACF2-BE3A6A7B2FFD}.Debug|Mixed Platforms.ActiveCfg = Debug|Any CPU
		{0E7413FF-EB9E-4714-ACF2-BE3A6A7B2FFD}.Debug|Mixed Platforms.Build.0 = Debug|Any CPU
		{0E7413FF-EB9E-4714-ACF2-BE3A6A7B2FFD}.Debug|x86.ActiveCfg = Debug|Any CPU
		{0E7413FF-EB9E-4714-ACF2-BE3A6A7B2FFD}.Release|Any CPU.ActiveCfg = Release|Any CPU
		{0E7413FF-EB9E-4714-ACF2-BE3A6A7B2FFD}.Release|Any CPU.Build.0 = Release|Any CPU
		{0E7413FF-EB9E-4714-ACF2-BE3A6A7B2FFD}.Release|Mixed Platforms.ActiveCfg = Release|Any CPU
		{0E7413FF-EB9E-4714-ACF2-BE3A6A7B2FFD}.Release|Mixed Platforms.Build.0 = Release|Any CPU
		{0E7413FF-EB9E-4714-ACF2-BE3A6A7B2FFD}.Release|x86.ActiveCfg = Release|Any CPU
		{AB8D4F09-179F-4400-910D-22E785823BDB}.Debug|Any CPU.ActiveCfg = Debug|x86
		{AB8D4F09-179F-4400-910D-22E785823BDB}.Debug|Mixed Platforms.ActiveCfg = Debug|x86
		{AB8D4F09-179F-4400-910D-22E785823BDB}.Debug|Mixed Platforms.Build.0 = Debug|x86
		{AB8D4F09-179F-4400-910D-22E785823BDB}.Debug|x86.ActiveCfg = Debug|x86
		{AB8D4F09-179F-4400-910D-22E785823BDB}.Debug|x86.Build.0 = Debug|x86
		{AB8D4F09-179F-4400-910D-22E785823BDB}.Release|Any CPU.ActiveCfg = Release|x86
		{AB8D4F09-179F-4400-910D-22E785823BDB}.Release|Mixed Platforms.ActiveCfg = Release|x86
		{AB8D4F09-179F-4400-910D-22E785823BDB}.Release|Mixed Platforms.Build.0 = Release|x86
		{AB8D4F09-179F-4400-910D-22E785823BDB}.Release|x86.ActiveCfg = Release|x86
		{AB8D4F09-179F-4400-910D-22E785823BDB}.Release|x86.Build.0 = Release|x86
	EndGlobalSection
	GlobalSection(SolutionProperties) = preSolution
		HideSolutionNode = FALSE
	EndGlobalSection
EndGlobal
